
Microsoft Visual Studio Solution File, Format Version 12.00
# Visual Studio Version 17
VisualStudioVersion = 17.11.35327.3
MinimumVisualStudioVersion = 10.0.40219.1
Project("{2150E333-8FDC-42A3-9474-1A3956D46DE8}") = "01 - Serializar XML", "01 - Serializar XML", "{9C804D0B-6EF8-4C8A-B3CB-7DA13C6431AC}"
EndProject
Project("{9A19103F-16F7-4668-BE54-9A1E7A4F7556}") = "SerializarXML", "SerializarXML\SerializarXML.csproj", "{3A61A44A-D2F4-415B-B4A0-54D90D1DFE43}"
EndProject
Project("{9A19103F-16F7-4668-BE54-9A1E7A4F7556}") = "ConsoleApplication", "ConsoleApplication\ConsoleApplication.csproj", "{36C68F81-9CE6-4568-873D-57255C81B2BD}"
EndProject
Project("{2150E333-8FDC-42A3-9474-1A3956D46DE8}") = "02 - Deserializar XML", "02 - Deserializar XML", "{18FCC834-3A13-4FC3-85B5-AF18705B75DA}"
EndProject
Project("{FAE04EC0-301F-11D3-BF4B-00C04F79EFBC}") = "DeserializarXML", "DeserializarXML\DeserializarXML.csproj", "{555D9A89-6C1D-4833-A712-C6A140E164C8}"
EndProject
Global
	GlobalSection(SolutionConfigurationPlatforms) = preSolution
		Debug|Any CPU = Debug|Any CPU
		Release|Any CPU = Release|Any CPU
	EndGlobalSection
	GlobalSection(ProjectConfigurationPlatforms) = postSolution
		{3A61A44A-D2F4-415B-B4A0-54D90D1DFE43}.Debug|Any CPU.ActiveCfg = Debug|Any CPU
		{3A61A44A-D2F4-415B-B4A0-54D90D1DFE43}.Debug|Any CPU.Build.0 = Debug|Any CPU
		{3A61A44A-D2F4-415B-B4A0-54D90D1DFE43}.Release|Any CPU.ActiveCfg = Release|Any CPU
		{3A61A44A-D2F4-415B-B4A0-54D90D1DFE43}.Release|Any CPU.Build.0 = Release|Any CPU
		{36C68F81-9CE6-4568-873D-57255C81B2BD}.Debug|Any CPU.ActiveCfg = Debug|Any CPU
		{36C68F81-9CE6-4568-873D-57255C81B2BD}.Debug|Any CPU.Build.0 = Debug|Any CPU
		{36C68F81-9CE6-4568-873D-57255C81B2BD}.Release|Any CPU.ActiveCfg = Release|Any CPU
		{36C68F81-9CE6-4568-873D-57255C81B2BD}.Release|Any CPU.Build.0 = Release|Any CPU
		{555D9A89-6C1D-4833-A712-C6A140E164C8}.Debug|Any CPU.ActiveCfg = Debug|Any CPU
		{555D9A89-6C1D-4833-A712-C6A140E164C8}.Debug|Any CPU.Build.0 = Debug|Any CPU
		{555D9A89-6C1D-4833-A712-C6A140E164C8}.Release|Any CPU.ActiveCfg = Release|Any CPU
		{555D9A89-6C1D-4833-A712-C6A140E164C8}.Release|Any CPU.Build.0 = Release|Any CPU
	EndGlobalSection
	GlobalSection(SolutionProperties) = preSolution
		HideSolutionNode = FALSE
	EndGlobalSection
	GlobalSection(NestedProjects) = preSolution
		{3A61A44A-D2F4-415B-B4A0-54D90D1DFE43} = {9C804D0B-6EF8-4C8A-B3CB-7DA13C6431AC}
		{555D9A89-6C1D-4833-A712-C6A140E164C8} = {18FCC834-3A13-4FC3-85B5-AF18705B75DA}
	EndGlobalSection
	GlobalSection(ExtensibilityGlobals) = postSolution
		SolutionGuid = {9041BC74-755B-4945-A132-8AF57538BBF1}
	EndGlobalSection
EndGlobal
